
Microsoft Visual Studio Solution File, Format Version 11.00
# Visual Studio 2010
Project("{FAE04EC0-301F-11D3-BF4B-00C04F79EFBC}") = "Assembly-CSharp", "Assembly-CSharp.csproj", "{34754B11-2943-C6E4-2196-8414CA817257}"
EndProject
Project("{FAE04EC0-301F-11D3-BF4B-00C04F79EFBC}") = "Assembly-CSharp-Editor", "Assembly-CSharp-Editor.csproj", "{E7D4D1C3-EA8A-0434-26C3-47077FDBF947}"
EndProject
Global
	GlobalSection(SolutionConfigurationPlatforms) = preSolution
		Debug|Any CPU = Debug|Any CPU
		Release|Any CPU = Release|Any CPU
	EndGlobalSection
	GlobalSection(ProjectConfigurationPlatforms) = postSolution
		{34754B11-2943-C6E4-2196-8414CA817257}.Debug|Any CPU.ActiveCfg = Debug|Any CPU
		{34754B11-2943-C6E4-2196-8414CA817257}.Debug|Any CPU.Build.0 = Debug|Any CPU
		{34754B11-2943-C6E4-2196-8414CA817257}.Release|Any CPU.ActiveCfg = Release|Any CPU
		{34754B11-2943-C6E4-2196-8414CA817257}.Release|Any CPU.Build.0 = Release|Any CPU
		{E7D4D1C3-EA8A-0434-26C3-47077FDBF947}.Debug|Any CPU.ActiveCfg = Debug|Any CPU
		{E7D4D1C3-EA8A-0434-26C3-47077FDBF947}.Debug|Any CPU.Build.0 = Debug|Any CPU
		{E7D4D1C3-EA8A-0434-26C3-47077FDBF947}.Release|Any CPU.ActiveCfg = Release|Any CPU
		{E7D4D1C3-EA8A-0434-26C3-47077FDBF947}.Release|Any CPU.Build.0 = Release|Any CPU
	EndGlobalSection
	GlobalSection(SolutionProperties) = preSolution
		HideSolutionNode = FALSE
	EndGlobalSection
EndGlobal
